
Microsoft Visual Studio Solution File, Format Version 12.00
# Visual Studio Version 17
VisualStudioVersion = 17.5.002.0
MinimumVisualStudioVersion = 10.0.40219.1
Project("{9A19103F-16F7-4668-BE54-9A1E7A4F7556}") = "Exerc-cio-Continue", "Exerc-cio-Continue.csproj", "{141A08BD-78D8-4FE1-A33A-DBF8C20A24F8}"
EndProject
Global
	GlobalSection(SolutionConfigurationPlatforms) = preSolution
		Debug|Any CPU = Debug|Any CPU
		Release|Any CPU = Release|Any CPU
	EndGlobalSection
	GlobalSection(ProjectConfigurationPlatforms) = postSolution
		{141A08BD-78D8-4FE1-A33A-DBF8C20A24F8}.Debug|Any CPU.ActiveCfg = Debug|Any CPU
		{141A08BD-78D8-4FE1-A33A-DBF8C20A24F8}.Debug|Any CPU.Build.0 = Debug|Any CPU
		{141A08BD-78D8-4FE1-A33A-DBF8C20A24F8}.Release|Any CPU.ActiveCfg = Release|Any CPU
		{141A08BD-78D8-4FE1-A33A-DBF8C20A24F8}.Release|Any CPU.Build.0 = Release|Any CPU
	EndGlobalSection
	GlobalSection(SolutionProperties) = preSolution
		HideSolutionNode = FALSE
	EndGlobalSection
	GlobalSection(ExtensibilityGlobals) = postSolution
		SolutionGuid = {6ED600A3-113F-498E-81C5-1C17E13F392B}
	EndGlobalSection
EndGlobal
